// !$*UTF8*$!
{
	archiveVersion = 1;
	classes = {
	};
	objectVersion = 77;
	objects = {

/* Begin PBXContainerItemProxy section */
		A1B2C3D4E5F6000000000014 /* PBXContainerItemProxy */ = {
			isa = PBXContainerItemProxy;
			containerPortal = A1B2C3D4E5F6000000000001 /* Project object */;
			proxyType = 1;
			remoteGlobalIDString = A1B2C3D4E5F6000000000004;
			remoteInfo = AlphaPlusPlus;
		};
/* End PBXContainerItemProxy section */

/* Begin PBXFileReference section */
		A1B2C3D4E5F6000000000008 /* AlphaPlusPlus.app */ = {isa = PBXFileReference; explicitFileType = wrapper.application; includeInIndex = 0; path = AlphaPlusPlus.app; sourceTree = BUILT_PRODUCTS_DIR; };
		A1B2C3D4E5F6000000000010 /* AlphaPlusPlusTests.xctest */ = {isa = PBXFileReference; explicitFileType = wrapper.cfbundle; includeInIndex = 0; path = AlphaPlusPlusTests.xctest; sourceTree = BUILT_PRODUCTS_DIR; };
/* End PBXFileReference section */

/* Begin PBXFileSystemSynchronizedRootGroup section */
		A1B2C3D4E5F6000000000009 /* AlphaPlusPlus */ = {
			isa = PBXFileSystemSynchronizedRootGroup;
			path = AlphaPlusPlus;
			sourceTree = "<group>";
		};
		A1B2C3D4E5F6000000000011 /* AlphaPlusPlusTests */ = {
			isa = PBXFileSystemSynchronizedRootGroup;
			path = AlphaPlusPlusTests;
			sourceTree = "<group>";
		};
/* End PBXFileSystemSynchronizedRootGroup section */

/* Begin PBXFrameworksBuildPhase section */
		A1B2C3D4E5F6000000000006 /* Frameworks */ = {
			isa = PBXFrameworksBuildPhase;
			buildActionMask = 2147483647;
			files = (
			);
			runOnlyForDeploymentPostprocessing = 0;
		};
		A1B2C3D4E5F6000000000016 /* Frameworks */ = {
			isa = PBXFrameworksBuildPhase;
			buildActionMask = 2147483647;
			files = (
			);
			runOnlyForDeploymentPostprocessing = 0;
		};
/* End PBXFrameworksBuildPhase section */

/* Begin PBXGroup section */
		A1B2C3D4E5F6000000000002 = {
			isa = PBXGroup;
			children = (
				A1B2C3D4E5F6000000000009 /* AlphaPlusPlus */,
				A1B2C3D4E5F6000000000011 /* AlphaPlusPlusTests */,
				A1B2C3D4E5F6000000000003 /* Products */,
			);
			sourceTree = "<group>";
		};
		A1B2C3D4E5F6000000000003 /* Products */ = {
			isa = PBXGroup;
			children = (
				A1B2C3D4E5F6000000000008 /* AlphaPlusPlus.app */,
				A1B2C3D4E5F6000000000010 /* AlphaPlusPlusTests.xctest */,
			);
			name = Products;
			sourceTree = "<group>";
		};
/* End PBXGroup section */

/* Begin PBXNativeTarget section */
		A1B2C3D4E5F6000000000004 /* AlphaPlusPlus */ = {
			isa = PBXNativeTarget;
			buildConfigurationList = A1B2C3D4E5F600000000000D /* Build configuration list for PBXNativeTarget "AlphaPlusPlus" */;
			buildPhases = (
				A1B2C3D4E5F6000000000005 /* Sources */,
				A1B2C3D4E5F6000000000006 /* Frameworks */,
				A1B2C3D4E5F6000000000007 /* Resources */,
			);
			buildRules = (
			);
			dependencies = (
			);
			fileSystemSynchronizedGroups = (
				A1B2C3D4E5F6000000000009 /* AlphaPlusPlus */,
			);
			name = AlphaPlusPlus;
			packageProductDependencies = (
			);
			productName = AlphaPlusPlus;
			productReference = A1B2C3D4E5F6000000000008 /* AlphaPlusPlus.app */;
			productType = "com.apple.product-type.application";
		};
		A1B2C3D4E5F6000000000012 /* AlphaPlusPlusTests */ = {
			isa = PBXNativeTarget;
			buildConfigurationList = A1B2C3D4E5F600000000001A /* Build configuration list for PBXNativeTarget "AlphaPlusPlusTests" */;
			buildPhases = (
				A1B2C3D4E5F6000000000015 /* Sources */,
				A1B2C3D4E5F6000000000016 /* Frameworks */,
				A1B2C3D4E5F6000000000017 /* Resources */,
			);
			buildRules = (
			);
			dependencies = (
				A1B2C3D4E5F6000000000013 /* PBXTargetDependency */,
			);
			fileSystemSynchronizedGroups = (
				A1B2C3D4E5F6000000000011 /* AlphaPlusPlusTests */,
			);
			name = AlphaPlusPlusTests;
			packageProductDependencies = (
			);
			productName = AlphaPlusPlusTests;
			productReference = A1B2C3D4E5F6000000000010 /* AlphaPlusPlusTests.xctest */;
			productType = "com.apple.product-type.bundle.unit-test";
		};
/* End PBXNativeTarget section */

/* Begin PBXProject section */
		A1B2C3D4E5F6000000000001 /* Project object */ = {
			isa = PBXProject;
			attributes = {
				BuildIndependentTargetsInParallel = 1;
				LastSwiftUpdateCheck = 1600;
				LastUpgradeCheck = 1600;
				TargetAttributes = {
					A1B2C3D4E5F6000000000004 = {
						CreatedOnToolsVersion = 16.0;
					};
					A1B2C3D4E5F6000000000012 = {
						CreatedOnToolsVersion = 16.0;
						TestTargetID = A1B2C3D4E5F6000000000004;
					};
				};
			};
			buildConfigurationList = A1B2C3D4E5F600000000000A /* Build configuration list for PBXProject "AlphaPlusPlus" */;
			developmentRegion = en;
			hasScannedForEncodings = 0;
			knownRegions = (
				en,
				Base,
			);
			mainGroup = A1B2C3D4E5F6000000000002;
			minimizedProjectReferenceProxies = 1;
			preferredProjectObjectVersion = 77;
			productRefGroup = A1B2C3D4E5F6000000000003 /* Products */;
			projectDirPath = "";
			projectRoot = "";
			targets = (
				A1B2C3D4E5F6000000000004 /* AlphaPlusPlus */,
				A1B2C3D4E5F6000000000012 /* AlphaPlusPlusTests */,
			);
		};
/* End PBXProject section */

/* Begin PBXResourcesBuildPhase section */
		A1B2C3D4E5F6000000000007 /* Resources */ = {
			isa = PBXResourcesBuildPhase;
			buildActionMask = 2147483647;
			files = (
			);
			runOnlyForDeploymentPostprocessing = 0;
		};
		A1B2C3D4E5F6000000000017 /* Resources */ = {
			isa = PBXResourcesBuildPhase;
			buildActionMask = 2147483647;
			files = (
			);
			runOnlyForDeploymentPostprocessing = 0;
		};
/* End PBXResourcesBuildPhase section */

/* Begin PBXSourcesBuildPhase section */
		A1B2C3D4E5F6000000000005 /* Sources */ = {
			isa = PBXSourcesBuildPhase;
			buildActionMask = 2147483647;
			files = (
			);
			runOnlyForDeploymentPostprocessing = 0;
		};
		A1B2C3D4E5F6000000000015 /* Sources */ = {
			isa = PBXSourcesBuildPhase;
			buildActionMask = 2147483647;
			files = (
			);
			runOnlyForDeploymentPostprocessing = 0;
		};
/* End PBXSourcesBuildPhase section */

/* Begin PBXTargetDependency section */
		A1B2C3D4E5F6000000000013 /* PBXTargetDependency */ = {
			isa = PBXTargetDependency;
			target = A1B2C3D4E5F6000000000004 /* AlphaPlusPlus */;
			targetProxy = A1B2C3D4E5F6000000000014 /* PBXContainerItemProxy */;
		};
/* End PBXTargetDependency section */

/* Begin XCBuildConfiguration section */
		A1B2C3D4E5F600000000000B /* Debug */ = {
			isa = XCBuildConfiguration;
			buildSettings = {
				ALWAYS_SEARCH_USER_PATHS = NO;
				ARCHS = arm64;
				ASSETCATALOG_COMPILER_GENERATE_SWIFT_ASSET_SYMBOL_EXTENSIONS = YES;
				CLANG_ANALYZER_NONNULL = YES;
				CLANG_ANALYZER_NUMBER_OBJECT_CONVERSION = YES_AGGRESSIVE;
				CLANG_ENABLE_MODULES = YES;
				CLANG_ENABLE_OBJC_ARC = YES;
				CLANG_WARN_BOOL_CONVERSION = YES;
				CLANG_WARN_DOCUMENTATION_COMMENTS = YES;
				CLANG_WARN_EMPTY_BODY = YES;
				CLANG_WARN_UNREACHABLE_CODE = YES;
				COPY_PHASE_STRIP = NO;
				DEAD_CODE_STRIPPING = YES;
				DEBUG_INFORMATION_FORMAT = dwarf;
				ENABLE_STRICT_OBJC_MSGSEND = YES;
				ENABLE_TESTABILITY = YES;
				ENABLE_USER_SCRIPT_SANDBOXING = YES;
				GCC_NO_COMMON_BLOCKS = YES;
				GCC_OPTIMIZATION_LEVEL = 0;
				GCC_PREPROCESSOR_DEFINITIONS = (
					"DEBUG=1",
					"$(inherited)",
				);
				GCC_WARN_UNINITIALIZED_AUTOS = YES_AGGRESSIVE;
				GCC_WARN_UNUSED_VARIABLE = YES;
				LOCALIZATION_PREFERS_STRING_CATALOGS = YES;
				MACOSX_DEPLOYMENT_TARGET = 14.0;
				MTL_ENABLE_DEBUG_INFO = INCLUDE_SOURCE;
				MTL_FAST_MATH = YES;
				ONLY_ACTIVE_ARCH = YES;
				SDKROOT = macosx;
				SUPPORTED_PLATFORMS = macosx;
				SWIFT_ACTIVE_COMPILATION_CONDITIONS = "DEBUG $(inherited)";
				SWIFT_OPTIMIZATION_LEVEL = "-Onone";
				SWIFT_VERSION = 5.0;
			};
			name = Debug;
		};
		A1B2C3D4E5F600000000000C /* Release */ = {
			isa = XCBuildConfiguration;
			buildSettings = {
				ALWAYS_SEARCH_USER_PATHS = NO;
				ARCHS = arm64;
				ASSETCATALOG_COMPILER_GENERATE_SWIFT_ASSET_SYMBOL_EXTENSIONS = YES;
				CLANG_ANALYZER_NONNULL = YES;
				CLANG_ANALYZER_NUMBER_OBJECT_CONVERSION = YES_AGGRESSIVE;
				CLANG_ENABLE_MODULES = YES;
				CLANG_ENABLE_OBJC_ARC = YES;
				CLANG_WARN_BOOL_CONVERSION = YES;
				CLANG_WARN_DOCUMENTATION_COMMENTS = YES;
				CLANG_WARN_EMPTY_BODY = YES;
				CLANG_WARN_UNREACHABLE_CODE = YES;
				COPY_PHASE_STRIP = NO;
				DEAD_CODE_STRIPPING = YES;
				DEBUG_INFORMATION_FORMAT = "dwarf-with-dsym";
				ENABLE_NS_ASSERTIONS = NO;
				ENABLE_STRICT_OBJC_MSGSEND = YES;
				ENABLE_USER_SCRIPT_SANDBOXING = YES;
				GCC_NO_COMMON_BLOCKS = YES;
				LOCALIZATION_PREFERS_STRING_CATALOGS = YES;
				MACOSX_DEPLOYMENT_TARGET = 14.0;
				MTL_ENABLE_DEBUG_INFO = NO;
				MTL_FAST_MATH = YES;
				SDKROOT = macosx;
				SUPPORTED_PLATFORMS = macosx;
				SWIFT_COMPILATION_MODE = wholemodule;
				SWIFT_VERSION = 5.0;
			};
			name = Release;
		};
		A1B2C3D4E5F600000000000E /* Debug */ = {
			isa = XCBuildConfiguration;
			buildSettings = {
				CODE_SIGN_IDENTITY = "-";
				CODE_SIGN_STYLE = Automatic;
				COMBINE_HIDPI_IMAGES = YES;
				CURRENT_PROJECT_VERSION = 1;
				ENABLE_PREVIEWS = YES;
				GENERATE_INFOPLIST_FILE = YES;
				INFOPLIST_KEY_CFBundleDisplayName = "Alpha++";
				INFOPLIST_KEY_LSApplicationCategoryType = "public.app-category.simulation-games";
				INFOPLIST_KEY_NSHumanReadableCopyright = "";
				INFOPLIST_KEY_NSPrincipalClass = NSApplication;
				LD_RUNPATH_SEARCH_PATHS = (
					"$(inherited)",
					"@executable_path/../Frameworks",
				);
				MARKETING_VERSION = 0.1.0;
				PRODUCT_BUNDLE_IDENTIFIER = com.heathverhasselt.AlphaPlusPlus;
				PRODUCT_NAME = "$(TARGET_NAME)";
				SWIFT_EMIT_LOC_STRINGS = YES;
			};
			name = Debug;
		};
		A1B2C3D4E5F600000000000F /* Release */ = {
			isa = XCBuildConfiguration;
			buildSettings = {
				CODE_SIGN_IDENTITY = "-";
				CODE_SIGN_STYLE = Automatic;
				COMBINE_HIDPI_IMAGES = YES;
				CURRENT_PROJECT_VERSION = 1;
				ENABLE_PREVIEWS = YES;
				GENERATE_INFOPLIST_FILE = YES;
				INFOPLIST_KEY_CFBundleDisplayName = "Alpha++";
				INFOPLIST_KEY_LSApplicationCategoryType = "public.app-category.simulation-games";
				INFOPLIST_KEY_NSHumanReadableCopyright = "";
				INFOPLIST_KEY_NSPrincipalClass = NSApplication;
				LD_RUNPATH_SEARCH_PATHS = (
					"$(inherited)",
					"@executable_path/../Frameworks",
				);
				MARKETING_VERSION = 0.1.0;
				PRODUCT_BUNDLE_IDENTIFIER = com.heathverhasselt.AlphaPlusPlus;
				PRODUCT_NAME = "$(TARGET_NAME)";
				SWIFT_EMIT_LOC_STRINGS = YES;
			};
			name = Release;
		};
		A1B2C3D4E5F6000000000018 /* Debug */ = {
			isa = XCBuildConfiguration;
			buildSettings = {
				BUNDLE_LOADER = "$(TEST_HOST)";
				CODE_SIGN_IDENTITY = "-";
				CODE_SIGN_STYLE = Automatic;
				CURRENT_PROJECT_VERSION = 1;
				GENERATE_INFOPLIST_FILE = YES;
				MARKETING_VERSION = 0.1.0;
				PRODUCT_BUNDLE_IDENTIFIER = com.heathverhasselt.AlphaPlusPlusTests;
				PRODUCT_NAME = "$(TARGET_NAME)";
				SWIFT_EMIT_LOC_STRINGS = NO;
				TEST_HOST = "$(BUILT_PRODUCTS_DIR)/AlphaPlusPlus.app/Contents/MacOS/AlphaPlusPlus";
			};
			name = Debug;
		};
		A1B2C3D4E5F6000000000019 /* Release */ = {
			isa = XCBuildConfiguration;
			buildSettings = {
				BUNDLE_LOADER = "$(TEST_HOST)";
				CODE_SIGN_IDENTITY = "-";
				CODE_SIGN_STYLE = Automatic;
				CURRENT_PROJECT_VERSION = 1;
				GENERATE_INFOPLIST_FILE = YES;
				MARKETING_VERSION = 0.1.0;
				PRODUCT_BUNDLE_IDENTIFIER = com.heathverhasselt.AlphaPlusPlusTests;
				PRODUCT_NAME = "$(TARGET_NAME)";
				SWIFT_EMIT_LOC_STRINGS = NO;
				TEST_HOST = "$(BUILT_PRODUCTS_DIR)/AlphaPlusPlus.app/Contents/MacOS/AlphaPlusPlus";
			};
			name = Release;
		};
/* End XCBuildConfiguration section */

/* Begin XCConfigurationList section */
		A1B2C3D4E5F600000000000A /* Build configuration list for PBXProject "AlphaPlusPlus" */ = {
			isa = XCConfigurationList;
			buildConfigurations = (
				A1B2C3D4E5F600000000000B /* Debug */,
				A1B2C3D4E5F600000000000C /* Release */,
			);
			defaultConfigurationIsVisible = 0;
			defaultConfigurationName = Release;
		};
		A1B2C3D4E5F600000000000D /* Build configuration list for PBXNativeTarget "AlphaPlusPlus" */ = {
			isa = XCConfigurationList;
			buildConfigurations = (
				A1B2C3D4E5F600000000000E /* Debug */,
				A1B2C3D4E5F600000000000F /* Release */,
			);
			defaultConfigurationIsVisible = 0;
			defaultConfigurationName = Release;
		};
		A1B2C3D4E5F600000000001A /* Build configuration list for PBXNativeTarget "AlphaPlusPlusTests" */ = {
			isa = XCConfigurationList;
			buildConfigurations = (
				A1B2C3D4E5F6000000000018 /* Debug */,
				A1B2C3D4E5F6000000000019 /* Release */,
			);
			defaultConfigurationIsVisible = 0;
			defaultConfigurationName = Release;
		};
/* End XCConfigurationList section */
	};
	rootObject = A1B2C3D4E5F6000000000001 /* Project object */;
}
